
Microsoft Visual Studio Solution File, Format Version 12.00
# Visual Studio Version 16
VisualStudioVersion = 16.0.31729.503
MinimumVisualStudioVersion = 10.0.40219.1
Project("{9A19103F-16F7-4668-BE54-9A1E7A4F7556}") = "WordSearcher", "WordSearcher.csproj", "{C6FFC80A-22C4-4F3B-A293-AA5EE1BF5E3B}"
EndProject
Project("{9A19103F-16F7-4668-BE54-9A1E7A4F7556}") = "NUnitTestProject1", "..\NUnitTestProject1\NUnitTestProject1.csproj", "{05014E79-6935-4EE8-8345-6A4406988BB3}"
EndProject
Global
	GlobalSection(SolutionConfigurationPlatforms) = preSolution
		Debug|Any CPU = Debug|Any CPU
		Release|Any CPU = Release|Any CPU
	EndGlobalSection
	GlobalSection(ProjectConfigurationPlatforms) = postSolution
		{C6FFC80A-22C4-4F3B-A293-AA5EE1BF5E3B}.Debug|Any CPU.ActiveCfg = Debug|Any CPU
		{C6FFC80A-22C4-4F3B-A293-AA5EE1BF5E3B}.Debug|Any CPU.Build.0 = Debug|Any CPU
		{C6FFC80A-22C4-4F3B-A293-AA5EE1BF5E3B}.Release|Any CPU.ActiveCfg = Release|Any CPU
		{C6FFC80A-22C4-4F3B-A293-AA5EE1BF5E3B}.Release|Any CPU.Build.0 = Release|Any CPU
		{05014E79-6935-4EE8-8345-6A4406988BB3}.Debug|Any CPU.ActiveCfg = Debug|Any CPU
		{05014E79-6935-4EE8-8345-6A4406988BB3}.Debug|Any CPU.Build.0 = Debug|Any CPU
		{05014E79-6935-4EE8-8345-6A4406988BB3}.Release|Any CPU.ActiveCfg = Release|Any CPU
		{05014E79-6935-4EE8-8345-6A4406988BB3}.Release|Any CPU.Build.0 = Release|Any CPU
	EndGlobalSection
	GlobalSection(SolutionProperties) = preSolution
		HideSolutionNode = FALSE
	EndGlobalSection
	GlobalSection(ExtensibilityGlobals) = postSolution
		SolutionGuid = {733A42AE-D4B1-4C1F-B3EA-728A42A37FB0}
	EndGlobalSection
EndGlobal
